{
  "name": "cimis-grid",
  "version": "1.0.0",
  "lockfileVersion": 1,
  "requires": true,
  "dependencies": {
    "mgrs": {
      "version": "1.0.0",
      "resolved": "https://registry.npmjs.org/mgrs/-/mgrs-1.0.0.tgz",
      "integrity": "sha1-+5FYjnjJACVnI5XLQLJffNatGCk="
    },
    "proj4": {
      "version": "2.4.4",
      "resolved": "https://registry.npmjs.org/proj4/-/proj4-2.4.4.tgz",
      "integrity": "sha512-yo6qTpBQXnxhcPopKJeVwwOBRzUpEa3vzSFlr38f5mF4Jnfb6NOL/ePIomefWiZmPgkUblHpcwnWVMB8FS3GKw==",
      "requires": {
        "mgrs": "1.0.0",
        "wkt-parser": "1.2.0"
      }
    },
    "wkt-parser": {
      "version": "1.2.0",
      "resolved": "https://registry.npmjs.org/wkt-parser/-/wkt-parser-1.2.0.tgz",
      "integrity": "sha1-bQn4vr/7NPEiIB2Zwdg4HJlKyw4="
    }
  }
}
